
Microsoft Visual Studio Solution File, Format Version 12.00
# Visual Studio 15
Project("{FAE04EC0-301F-11D3-BF4B-00C04F79EFBC}") = "Assembly-CSharp", "Assembly-CSharp.csproj", "{04FAE124-763D-C2B9-9FAB-DA77C20C6448}"
EndProject
Project("{FAE04EC0-301F-11D3-BF4B-00C04F79EFBC}") = "Assembly-CSharp-Editor", "Assembly-CSharp-Editor.csproj", "{A53A5C33-D5CB-47DC-14BC-33D7CF02D03F}"
EndProject
Global
	GlobalSection(SolutionConfigurationPlatforms) = preSolution
		Debug|Any CPU = Debug|Any CPU
		Release|Any CPU = Release|Any CPU
	EndGlobalSection
	GlobalSection(ProjectConfigurationPlatforms) = postSolution
		{04FAE124-763D-C2B9-9FAB-DA77C20C6448}.Debug|Any CPU.ActiveCfg = Debug|Any CPU
		{04FAE124-763D-C2B9-9FAB-DA77C20C6448}.Debug|Any CPU.Build.0 = Debug|Any CPU
		{04FAE124-763D-C2B9-9FAB-DA77C20C6448}.Release|Any CPU.ActiveCfg = Release|Any CPU
		{04FAE124-763D-C2B9-9FAB-DA77C20C6448}.Release|Any CPU.Build.0 = Release|Any CPU
		{A53A5C33-D5CB-47DC-14BC-33D7CF02D03F}.Debug|Any CPU.ActiveCfg = Debug|Any CPU
		{A53A5C33-D5CB-47DC-14BC-33D7CF02D03F}.Debug|Any CPU.Build.0 = Debug|Any CPU
		{A53A5C33-D5CB-47DC-14BC-33D7CF02D03F}.Release|Any CPU.ActiveCfg = Release|Any CPU
		{A53A5C33-D5CB-47DC-14BC-33D7CF02D03F}.Release|Any CPU.Build.0 = Release|Any CPU
	EndGlobalSection
	GlobalSection(SolutionProperties) = preSolution
		HideSolutionNode = FALSE
	EndGlobalSection
EndGlobal
